
Microsoft Visual Studio Solution File, Format Version 12.00
# Visual Studio Version 17
VisualStudioVersion = 17.13.35919.96
MinimumVisualStudioVersion = 10.0.40219.1
Project("{FAE04EC0-301F-11D3-BF4B-00C04F79EFBC}") = "CourseDesigner.API", "CourseDesigner.API\CourseDesigner.API.csproj", "{692D296B-061D-4B43-975F-CB6BA67E31C1}"
EndProject
Project("{FAE04EC0-301F-11D3-BF4B-00C04F79EFBC}") = "CourseDesigner.Business", "CourseDesigner.Business\CourseDesigner.Business.csproj", "{159F9404-4093-455F-9489-5BA2DA44C2A2}"
EndProject
Project("{FAE04EC0-301F-11D3-BF4B-00C04F79EFBC}") = "CourseDesigner.DataBase", "CourseDesigner.DataBase\CourseDesigner.DataBase.csproj", "{EACAA893-A7E1-4C29-9494-F527AC0C5554}"
EndProject
Global
	GlobalSection(SolutionConfigurationPlatforms) = preSolution
		Debug|Any CPU = Debug|Any CPU
		Release|Any CPU = Release|Any CPU
	EndGlobalSection
	GlobalSection(ProjectConfigurationPlatforms) = postSolution
		{692D296B-061D-4B43-975F-CB6BA67E31C1}.Debug|Any CPU.ActiveCfg = Debug|Any CPU
		{692D296B-061D-4B43-975F-CB6BA67E31C1}.Debug|Any CPU.Build.0 = Debug|Any CPU
		{692D296B-061D-4B43-975F-CB6BA67E31C1}.Release|Any CPU.ActiveCfg = Release|Any CPU
		{692D296B-061D-4B43-975F-CB6BA67E31C1}.Release|Any CPU.Build.0 = Release|Any CPU
		{159F9404-4093-455F-9489-5BA2DA44C2A2}.Debug|Any CPU.ActiveCfg = Debug|Any CPU
		{159F9404-4093-455F-9489-5BA2DA44C2A2}.Debug|Any CPU.Build.0 = Debug|Any CPU
		{159F9404-4093-455F-9489-5BA2DA44C2A2}.Release|Any CPU.ActiveCfg = Release|Any CPU
		{159F9404-4093-455F-9489-5BA2DA44C2A2}.Release|Any CPU.Build.0 = Release|Any CPU
		{EACAA893-A7E1-4C29-9494-F527AC0C5554}.Debug|Any CPU.ActiveCfg = Debug|Any CPU
		{EACAA893-A7E1-4C29-9494-F527AC0C5554}.Debug|Any CPU.Build.0 = Debug|Any CPU
		{EACAA893-A7E1-4C29-9494-F527AC0C5554}.Release|Any CPU.ActiveCfg = Release|Any CPU
		{EACAA893-A7E1-4C29-9494-F527AC0C5554}.Release|Any CPU.Build.0 = Release|Any CPU
	EndGlobalSection
	GlobalSection(SolutionProperties) = preSolution
		HideSolutionNode = FALSE
	EndGlobalSection
	GlobalSection(ExtensibilityGlobals) = postSolution
		SolutionGuid = {55F81E97-DC2D-4E15-996F-346D2ADE3511}
	EndGlobalSection
EndGlobal
